// !$*UTF8*$!
{
	archiveVersion = 1;
	classes = {
	};
	objectVersion = 51;
	objects = {

/* Begin PBXBuildFile section */
		2319DFAA2522510000FBA911 /* AppDelegate.swift in Sources */ = {isa = PBXBuildFile; fileRef = 2319DFA92522510000FBA911 /* AppDelegate.swift */; };
		2319DFAC2522510000FBA911 /* SceneDelegate.swift in Sources */ = {isa = PBXBuildFile; fileRef = 2319DFAB2522510000FBA911 /* SceneDelegate.swift */; };
		2319DFB12522510000FBA911 /* Main.storyboard in Resources */ = {isa = PBXBuildFile; fileRef = 2319DFAF2522510000FBA911 /* Main.storyboard */; };
		2319DFB32522510400FBA911 /* Assets.xcassets in Resources */ = {isa = PBXBuildFile; fileRef = 2319DFB22522510400FBA911 /* Assets.xcassets */; };
		2319DFB62522510400FBA911 /* LaunchScreen.storyboard in Resources */ = {isa = PBXBuildFile; fileRef = 2319DFB42522510400FBA911 /* LaunchScreen.storyboard */; };
		2319DFC12522510500FBA911 /* flix_appTests.swift in Sources */ = {isa = PBXBuildFile; fileRef = 2319DFC02522510500FBA911 /* flix_appTests.swift */; };
		2319DFCC2522510500FBA911 /* flix_appUITests.swift in Sources */ = {isa = PBXBuildFile; fileRef = 2319DFCB2522510500FBA911 /* flix_appUITests.swift */; };
		2319DFDD252260A000FBA911 /* MoviesViewController.swift in Sources */ = {isa = PBXBuildFile; fileRef = 2319DFDC252260A000FBA911 /* MoviesViewController.swift */; };
		237B69FB252D523D00BFEF3B /* MovieGridViewController.swift in Sources */ = {isa = PBXBuildFile; fileRef = 237B69FA252D523D00BFEF3B /* MovieGridViewController.swift */; };
		237B6A00252D583E00BFEF3B /* MovieGridCell.swift in Sources */ = {isa = PBXBuildFile; fileRef = 237B69FF252D583E00BFEF3B /* MovieGridCell.swift */; };
		23BC21A8252D4803008C84DE /* MovieDetailsViewController.swift in Sources */ = {isa = PBXBuildFile; fileRef = 23BC21A7252D4803008C84DE /* MovieDetailsViewController.swift */; };
		23D1F3462522960700BEEE08 /* MovieCell.swift in Sources */ = {isa = PBXBuildFile; fileRef = 23D1F3452522960700BEEE08 /* MovieCell.swift */; };
		2C9CEDCB8E880C1D104BBAB8 /* Pods_flix_appTests.framework in Frameworks */ = {isa = PBXBuildFile; fileRef = 99A93841474BB5B1F124E144 /* Pods_flix_appTests.framework */; };
		6C8B3746AAF16E5E7B95F52C /* Pods_flix_app_flix_appUITests.framework in Frameworks */ = {isa = PBXBuildFile; fileRef = 6E353D24FBF0787E97D1B02E /* Pods_flix_app_flix_appUITests.framework */; };
		7C314BBF4AC0394C970D68EF /* Pods_flix_app.framework in Frameworks */ = {isa = PBXBuildFile; fileRef = 7F0C7628F12238BBD4E6C8A6 /* Pods_flix_app.framework */; };
/* End PBXBuildFile section */

/* Begin PBXContainerItemProxy section */
		2319DFBD2522510500FBA911 /* PBXContainerItemProxy */ = {
			isa = PBXContainerItemProxy;
			containerPortal = 2319DF9E2522510000FBA911 /* Project object */;
			proxyType = 1;
			remoteGlobalIDString = 2319DFA52522510000FBA911;
			remoteInfo = flix_app;
		};
		2319DFC82522510500FBA911 /* PBXContainerItemProxy */ = {
			isa = PBXContainerItemProxy;
			containerPortal = 2319DF9E2522510000FBA911 /* Project object */;
			proxyType = 1;
			remoteGlobalIDString = 2319DFA52522510000FBA911;
			remoteInfo = flix_app;
		};
/* End PBXContainerItemProxy section */

/* Begin PBXFileReference section */
		052778B0D3473AF95DD17EB2 /* Pods-flix_app.release.xcconfig */ = {isa = PBXFileReference; includeInIndex = 1; lastKnownFileType = text.xcconfig; name = "Pods-flix_app.release.xcconfig"; path = "Target Support Files/Pods-flix_app/Pods-flix_app.release.xcconfig"; sourceTree = "<group>"; };
		120F66279B9C5775EF9457AB /* Pods-flix_app-flix_appUITests.debug.xcconfig */ = {isa = PBXFileReference; includeInIndex = 1; lastKnownFileType = text.xcconfig; name = "Pods-flix_app-flix_appUITests.debug.xcconfig"; path = "Target Support Files/Pods-flix_app-flix_appUITests/Pods-flix_app-flix_appUITests.debug.xcconfig"; sourceTree = "<group>"; };
		13E0C2A29001453DE0418F21 /* Pods-flix_app-flix_appUITests.release.xcconfig */ = {isa = PBXFileReference; includeInIndex = 1; lastKnownFileType = text.xcconfig; name = "Pods-flix_app-flix_appUITests.release.xcconfig"; path = "Target Support Files/Pods-flix_app-flix_appUITests/Pods-flix_app-flix_appUITests.release.xcconfig"; sourceTree = "<group>"; };
		2319DFA62522510000FBA911 /* flix_app.app */ = {isa = PBXFileReference; explicitFileType = wrapper.application; includeInIndex = 0; path = flix_app.app; sourceTree = BUILT_PRODUCTS_DIR; };
		2319DFA92522510000FBA911 /* AppDelegate.swift */ = {isa = PBXFileReference; lastKnownFileType = sourcecode.swift; path = AppDelegate.swift; sourceTree = "<group>"; };
		2319DFAB2522510000FBA911 /* SceneDelegate.swift */ = {isa = PBXFileReference; lastKnownFileType = sourcecode.swift; path = SceneDelegate.swift; sourceTree = "<group>"; };
		2319DFB02522510000FBA911 /* Base */ = {isa = PBXFileReference; lastKnownFileType = file.storyboard; name = Base; path = Base.lproj/Main.storyboard; sourceTree = "<group>"; };
		2319DFB22522510400FBA911 /* Assets.xcassets */ = {isa = PBXFileReference; lastKnownFileType = folder.assetcatalog; path = Assets.xcassets; sourceTree = "<group>"; };
		2319DFB52522510400FBA911 /* Base */ = {isa = PBXFileReference; lastKnownFileType = file.storyboard; name = Base; path = Base.lproj/LaunchScreen.storyboard; sourceTree = "<group>"; };
		2319DFB72522510400FBA911 /* Info.plist */ = {isa = PBXFileReference; lastKnownFileType = text.plist.xml; path = Info.plist; sourceTree = "<group>"; };
		2319DFBC2522510500FBA911 /* flix_appTests.xctest */ = {isa = PBXFileReference; explicitFileType = wrapper.cfbundle; includeInIndex = 0; path = flix_appTests.xctest; sourceTree = BUILT_PRODUCTS_DIR; };
		2319DFC02522510500FBA911 /* flix_appTests.swift */ = {isa = PBXFileReference; lastKnownFileType = sourcecode.swift; path = flix_appTests.swift; sourceTree = "<group>"; };
		2319DFC22522510500FBA911 /* Info.plist */ = {isa = PBXFileReference; lastKnownFileType = text.plist.xml; path = Info.plist; sourceTree = "<group>"; };
		2319DFC72522510500FBA911 /* flix_appUITests.xctest */ = {isa = PBXFileReference; explicitFileType = wrapper.cfbundle; includeInIndex = 0; path = flix_appUITests.xctest; sourceTree = BUILT_PRODUCTS_DIR; };
		2319DFCB2522510500FBA911 /* flix_appUITests.swift */ = {isa = PBXFileReference; lastKnownFileType = sourcecode.swift; path = flix_appUITests.swift; sourceTree = "<group>"; };
		2319DFCD2522510500FBA911 /* Info.plist */ = {isa = PBXFileReference; lastKnownFileType = text.plist.xml; path = Info.plist; sourceTree = "<group>"; };
		2319DFDC252260A000FBA911 /* MoviesViewController.swift */ = {isa = PBXFileReference; lastKnownFileType = sourcecode.swift; path = MoviesViewController.swift; sourceTree = "<group>"; };
		237B69FA252D523D00BFEF3B /* MovieGridViewController.swift */ = {isa = PBXFileReference; lastKnownFileType = sourcecode.swift; path = MovieGridViewController.swift; sourceTree = "<group>"; };
		237B69FF252D583E00BFEF3B /* MovieGridCell.swift */ = {isa = PBXFileReference; lastKnownFileType = sourcecode.swift; path = MovieGridCell.swift; sourceTree = "<group>"; };
		23BC21A7252D4803008C84DE /* MovieDetailsViewController.swift */ = {isa = PBXFileReference; lastKnownFileType = sourcecode.swift; path = MovieDetailsViewController.swift; sourceTree = "<group>"; };
		23D1F3452522960700BEEE08 /* MovieCell.swift */ = {isa = PBXFileReference; lastKnownFileType = sourcecode.swift; path = MovieCell.swift; sourceTree = "<group>"; };
		6295B5BB1C08F159E724474B /* Pods-flix_app.debug.xcconfig */ = {isa = PBXFileReference; includeInIndex = 1; lastKnownFileType = text.xcconfig; name = "Pods-flix_app.debug.xcconfig"; path = "Target Support Files/Pods-flix_app/Pods-flix_app.debug.xcconfig"; sourceTree = "<group>"; };
		6E353D24FBF0787E97D1B02E /* Pods_flix_app_flix_appUITests.framework */ = {isa = PBXFileReference; explicitFileType = wrapper.framework; includeInIndex = 0; path = Pods_flix_app_flix_appUITests.framework; sourceTree = BUILT_PRODUCTS_DIR; };
		7F0C7628F12238BBD4E6C8A6 /* Pods_flix_app.framework */ = {isa = PBXFileReference; explicitFileType = wrapper.framework; includeInIndex = 0; path = Pods_flix_app.framework; sourceTree = BUILT_PRODUCTS_DIR; };
		99A93841474BB5B1F124E144 /* Pods_flix_appTests.framework */ = {isa = PBXFileReference; explicitFileType = wrapper.framework; includeInIndex = 0; path = Pods_flix_appTests.framework; sourceTree = BUILT_PRODUCTS_DIR; };
		9DD5D54AE92209666424CD74 /* Pods-flix_appTests.debug.xcconfig */ = {isa = PBXFileReference; includeInIndex = 1; lastKnownFileType = text.xcconfig; name = "Pods-flix_appTests.debug.xcconfig"; path = "Target Support Files/Pods-flix_appTests/Pods-flix_appTests.debug.xcconfig"; sourceTree = "<group>"; };
		D0E0EB50A26A2450925BE10E /* Pods-flix_appTests.release.xcconfig */ = {isa = PBXFileReference; includeInIndex = 1; lastKnownFileType = text.xcconfig; name = "Pods-flix_appTests.release.xcconfig"; path = "Target Support Files/Pods-flix_appTests/Pods-flix_appTests.release.xcconfig"; sourceTree = "<group>"; };
/* End PBXFileReference section */

/* Begin PBXFrameworksBuildPhase section */
		2319DFA32522510000FBA911 /* Frameworks */ = {
			isa = PBXFrameworksBuildPhase;
			buildActionMask = 2147483647;
			files = (
				7C314BBF4AC0394C970D68EF /* Pods_flix_app.framework in Frameworks */,
			);
			runOnlyForDeploymentPostprocessing = 0;
		};
		2319DFB92522510500FBA911 /* Frameworks */ = {
			isa = PBXFrameworksBuildPhase;
			buildActionMask = 2147483647;
			files = (
				2C9CEDCB8E880C1D104BBAB8 /* Pods_flix_appTests.framework in Frameworks */,
			);
			runOnlyForDeploymentPostprocessing = 0;
		};
		2319DFC42522510500FBA911 /* Frameworks */ = {
			isa = PBXFrameworksBuildPhase;
			buildActionMask = 2147483647;
			files = (
				6C8B3746AAF16E5E7B95F52C /* Pods_flix_app_flix_appUITests.framework in Frameworks */,
			);
			runOnlyForDeploymentPostprocessing = 0;
		};
/* End PBXFrameworksBuildPhase section */

/* Begin PBXGroup section */
		2319DF9D2522510000FBA911 = {
			isa = PBXGroup;
			children = (
				2319DFA82522510000FBA911 /* flix_app */,
				2319DFBF2522510500FBA911 /* flix_appTests */,
				2319DFCA2522510500FBA911 /* flix_appUITests */,
				2319DFA72522510000FBA911 /* Products */,
				BE568E4AE27D00DCC95E0B3E /* Pods */,
				26DB922D3320B663E76E1E0E /* Frameworks */,
			);
			sourceTree = "<group>";
		};
		2319DFA72522510000FBA911 /* Products */ = {
			isa = PBXGroup;
			children = (
				2319DFA62522510000FBA911 /* flix_app.app */,
				2319DFBC2522510500FBA911 /* flix_appTests.xctest */,
				2319DFC72522510500FBA911 /* flix_appUITests.xctest */,
			);
			name = Products;
			sourceTree = "<group>";
		};
		2319DFA82522510000FBA911 /* flix_app */ = {
			isa = PBXGroup;
			children = (
				2319DFA92522510000FBA911 /* AppDelegate.swift */,
				2319DFAB2522510000FBA911 /* SceneDelegate.swift */,
				2319DFAF2522510000FBA911 /* Main.storyboard */,
				2319DFB22522510400FBA911 /* Assets.xcassets */,
				2319DFB42522510400FBA911 /* LaunchScreen.storyboard */,
				2319DFB72522510400FBA911 /* Info.plist */,
				2319DFDC252260A000FBA911 /* MoviesViewController.swift */,
				23D1F3452522960700BEEE08 /* MovieCell.swift */,
				23BC21A7252D4803008C84DE /* MovieDetailsViewController.swift */,
				237B69FA252D523D00BFEF3B /* MovieGridViewController.swift */,
				237B69FF252D583E00BFEF3B /* MovieGridCell.swift */,
			);
			path = flix_app;
			sourceTree = "<group>";
		};
		2319DFBF2522510500FBA911 /* flix_appTests */ = {
			isa = PBXGroup;
			children = (
				2319DFC02522510500FBA911 /* flix_appTests.swift */,
				2319DFC22522510500FBA911 /* Info.plist */,
			);
			path = flix_appTests;
			sourceTree = "<group>";
		};
		2319DFCA2522510500FBA911 /* flix_appUITests */ = {
			isa = PBXGroup;
			children = (
				2319DFCB2522510500FBA911 /* flix_appUITests.swift */,
				2319DFCD2522510500FBA911 /* Info.plist */,
			);
			path = flix_appUITests;
			sourceTree = "<group>";
		};
		26DB922D3320B663E76E1E0E /* Frameworks */ = {
			isa = PBXGroup;
			children = (
				7F0C7628F12238BBD4E6C8A6 /* Pods_flix_app.framework */,
				6E353D24FBF0787E97D1B02E /* Pods_flix_app_flix_appUITests.framework */,
				99A93841474BB5B1F124E144 /* Pods_flix_appTests.framework */,
			);
			name = Frameworks;
			sourceTree = "<group>";
		};
		BE568E4AE27D00DCC95E0B3E /* Pods */ = {
			isa = PBXGroup;
			children = (
				6295B5BB1C08F159E724474B /* Pods-flix_app.debug.xcconfig */,
				052778B0D3473AF95DD17EB2 /* Pods-flix_app.release.xcconfig */,
				120F66279B9C5775EF9457AB /* Pods-flix_app-flix_appUITests.debug.xcconfig */,
				13E0C2A29001453DE0418F21 /* Pods-flix_app-flix_appUITests.release.xcconfig */,
				9DD5D54AE92209666424CD74 /* Pods-flix_appTests.debug.xcconfig */,
				D0E0EB50A26A2450925BE10E /* Pods-flix_appTests.release.xcconfig */,
			);
			path = Pods;
			sourceTree = "<group>";
		};
/* End PBXGroup section */

/* Begin PBXNativeTarget section */
		2319DFA52522510000FBA911 /* flix_app */ = {
			isa = PBXNativeTarget;
			buildConfigurationList = 2319DFD02522510500FBA911 /* Build configuration list for PBXNativeTarget "flix_app" */;
			buildPhases = (
				47553787DCB7506685376223 /* [CP] Check Pods Manifest.lock */,
				2319DFA22522510000FBA911 /* Sources */,
				2319DFA32522510000FBA911 /* Frameworks */,
				2319DFA42522510000FBA911 /* Resources */,
				394F8EA1B0BF67CA691CC2BE /* [CP] Embed Pods Frameworks */,
			);
			buildRules = (
			);
			dependencies = (
			);
			name = flix_app;
			productName = flix_app;
			productReference = 2319DFA62522510000FBA911 /* flix_app.app */;
			productType = "com.apple.product-type.application";
		};
		2319DFBB2522510500FBA911 /* flix_appTests */ = {
			isa = PBXNativeTarget;
			buildConfigurationList = 2319DFD32522510500FBA911 /* Build configuration list for PBXNativeTarget "flix_appTests" */;
			buildPhases = (
				B4C20667F7DF25DDE25F5486 /* [CP] Check Pods Manifest.lock */,
				2319DFB82522510500FBA911 /* Sources */,
				2319DFB92522510500FBA911 /* Frameworks */,
				2319DFBA2522510500FBA911 /* Resources */,
			);
			buildRules = (
			);
			dependencies = (
				2319DFBE2522510500FBA911 /* PBXTargetDependency */,
			);
			name = flix_appTests;
			productName = flix_appTests;
			productReference = 2319DFBC2522510500FBA911 /* flix_appTests.xctest */;
			productType = "com.apple.product-type.bundle.unit-test";
		};
		2319DFC62522510500FBA911 /* flix_appUITests */ = {
			isa = PBXNativeTarget;
			buildConfigurationList = 2319DFD62522510500FBA911 /* Build configuration list for PBXNativeTarget "flix_appUITests" */;
			buildPhases = (
				98FA0CC8290CB0A13672A5F5 /* [CP] Check Pods Manifest.lock */,
				2319DFC32522510500FBA911 /* Sources */,
				2319DFC42522510500FBA911 /* Frameworks */,
				2319DFC52522510500FBA911 /* Resources */,
				662E83B77CE86BAD07619016 /* [CP] Embed Pods Frameworks */,
			);
			buildRules = (
			);
			dependencies = (
				2319DFC92522510500FBA911 /* PBXTargetDependency */,
			);
			name = flix_appUITests;
			productName = flix_appUITests;
			productReference = 2319DFC72522510500FBA911 /* flix_appUITests.xctest */;
			productType = "com.apple.product-type.bundle.ui-testing";
		};
/* End PBXNativeTarget section */

/* Begin PBXProject section */
		2319DF9E2522510000FBA911 /* Project object */ = {
			isa = PBXProject;
			attributes = {
				LastSwiftUpdateCheck = 1200;
				LastUpgradeCheck = 1200;
				TargetAttributes = {
					2319DFA52522510000FBA911 = {
						CreatedOnToolsVersion = 12.0;
					};
					2319DFBB2522510500FBA911 = {
						CreatedOnToolsVersion = 12.0;
						TestTargetID = 2319DFA52522510000FBA911;
					};
					2319DFC62522510500FBA911 = {
						CreatedOnToolsVersion = 12.0;
						TestTargetID = 2319DFA52522510000FBA911;
					};
				};
			};
			buildConfigurationList = 2319DFA12522510000FBA911 /* Build configuration list for PBXProject "flix_app" */;
			compatibilityVersion = "Xcode 9.3";
			developmentRegion = en;
			hasScannedForEncodings = 0;
			knownRegions = (
				en,
				Base,
			);
			mainGroup = 2319DF9D2522510000FBA911;
			productRefGroup = 2319DFA72522510000FBA911 /* Products */;
			projectDirPath = "";
			projectRoot = "";
			targets = (
				2319DFA52522510000FBA911 /* flix_app */,
				2319DFBB2522510500FBA911 /* flix_appTests */,
				2319DFC62522510500FBA911 /* flix_appUITests */,
			);
		};
/* End PBXProject section */

/* Begin PBXResourcesBuildPhase section */
		2319DFA42522510000FBA911 /* Resources */ = {
			isa = PBXResourcesBuildPhase;
			buildActionMask = 2147483647;
			files = (
				2319DFB62522510400FBA911 /* LaunchScreen.storyboard in Resources */,
				2319DFB32522510400FBA911 /* Assets.xcassets in Resources */,
				2319DFB12522510000FBA911 /* Main.storyboard in Resources */,
			);
			runOnlyForDeploymentPostprocessing = 0;
		};
		2319DFBA2522510500FBA911 /* Resources */ = {
			isa = PBXResourcesBuildPhase;
			buildActionMask = 2147483647;
			files = (
			);
			runOnlyForDeploymentPostprocessing = 0;
		};
		2319DFC52522510500FBA911 /* Resources */ = {
			isa = PBXResourcesBuildPhase;
			buildActionMask = 2147483647;
			files = (
			);
			runOnlyForDeploymentPostprocessing = 0;
		};
/* End PBXResourcesBuildPhase section */

/* Begin PBXShellScriptBuildPhase section */
		394F8EA1B0BF67CA691CC2BE /* [CP] Embed Pods Frameworks */ = {
			isa = PBXShellScriptBuildPhase;
			buildActionMask = 2147483647;
			files = (
			);
			inputFileListPaths = (
				"${PODS_ROOT}/Target Support Files/Pods-flix_app/Pods-flix_app-frameworks-${CONFIGURATION}-input-files.xcfilelist",
			);
			name = "[CP] Embed Pods Frameworks";
			outputFileListPaths = (
				"${PODS_ROOT}/Target Support Files/Pods-flix_app/Pods-flix_app-frameworks-${CONFIGURATION}-output-files.xcfilelist",
			);
			runOnlyForDeploymentPostprocessing = 0;
			shellPath = /bin/sh;
			shellScript = "\"${PODS_ROOT}/Target Support Files/Pods-flix_app/Pods-flix_app-frameworks.sh\"\n";
			showEnvVarsInLog = 0;
		};
		47553787DCB7506685376223 /* [CP] Check Pods Manifest.lock */ = {
			isa = PBXShellScriptBuildPhase;
			buildActionMask = 2147483647;
			files = (
			);
			inputFileListPaths = (
			);
			inputPaths = (
				"${PODS_PODFILE_DIR_PATH}/Podfile.lock",
				"${PODS_ROOT}/Manifest.lock",
			);
			name = "[CP] Check Pods Manifest.lock";
			outputFileListPaths = (
			);
			outputPaths = (
				"$(DERIVED_FILE_DIR)/Pods-flix_app-checkManifestLockResult.txt",
			);
			runOnlyForDeploymentPostprocessing = 0;
			shellPath = /bin/sh;
			shellScript = "diff \"${PODS_PODFILE_DIR_PATH}/Podfile.lock\" \"${PODS_ROOT}/Manifest.lock\" > /dev/null\nif [ $? != 0 ] ; then\n    # print error to STDERR\n    echo \"error: The sandbox is not in sync with the Podfile.lock. Run 'pod install' or update your CocoaPods installation.\" >&2\n    exit 1\nfi\n# This output is used by Xcode 'outputs' to avoid re-running this script phase.\necho \"SUCCESS\" > \"${SCRIPT_OUTPUT_FILE_0}\"\n";
			showEnvVarsInLog = 0;
		};
		662E83B77CE86BAD07619016 /* [CP] Embed Pods Frameworks */ = {
			isa = PBXShellScriptBuildPhase;
			buildActionMask = 2147483647;
			files = (
			);
			inputFileListPaths = (
				"${PODS_ROOT}/Target Support Files/Pods-flix_app-flix_appUITests/Pods-flix_app-flix_appUITests-frameworks-${CONFIGURATION}-input-files.xcfilelist",
			);
			name = "[CP] Embed Pods Frameworks";
			outputFileListPaths = (
				"${PODS_ROOT}/Target Support Files/Pods-flix_app-flix_appUITests/Pods-flix_app-flix_appUITests-frameworks-${CONFIGURATION}-output-files.xcfilelist",
			);
			runOnlyForDeploymentPostprocessing = 0;
			shellPath = /bin/sh;
			shellScript = "\"${PODS_ROOT}/Target Support Files/Pods-flix_app-flix_appUITests/Pods-flix_app-flix_appUITests-frameworks.sh\"\n";
			showEnvVarsInLog = 0;
		};
		98FA0CC8290CB0A13672A5F5 /* [CP] Check Pods Manifest.lock */ = {
			isa = PBXShellScriptBuildPhase;
			buildActionMask = 2147483647;
			files = (
			);
			inputFileListPaths = (
			);
			inputPaths = (
				"${PODS_PODFILE_DIR_PATH}/Podfile.lock",
				"${PODS_ROOT}/Manifest.lock",
			);
			name = "[CP] Check Pods Manifest.lock";
			outputFileListPaths = (
			);
			outputPaths = (
				"$(DERIVED_FILE_DIR)/Pods-flix_app-flix_appUITests-checkManifestLockResult.txt",
			);
			runOnlyForDeploymentPostprocessing = 0;
			shellPath = /bin/sh;
			shellScript = "diff \"${PODS_PODFILE_DIR_PATH}/Podfile.lock\" \"${PODS_ROOT}/Manifest.lock\" > /dev/null\nif [ $? != 0 ] ; then\n    # print error to STDERR\n    echo \"error: The sandbox is not in sync with the Podfile.lock. Run 'pod install' or update your CocoaPods installation.\" >&2\n    exit 1\nfi\n# This output is used by Xcode 'outputs' to avoid re-running this script phase.\necho \"SUCCESS\" > \"${SCRIPT_OUTPUT_FILE_0}\"\n";
			showEnvVarsInLog = 0;
		};
		B4C20667F7DF25DDE25F5486 /* [CP] Check Pods Manifest.lock */ = {
			isa = PBXShellScriptBuildPhase;
			buildActionMask = 2147483647;
			files = (
			);
			inputFileListPaths = (
			);
			inputPaths = (
				"${PODS_PODFILE_DIR_PATH}/Podfile.lock",
				"${PODS_ROOT}/Manifest.lock",
			);
			name = "[CP] Check Pods Manifest.lock";
			outputFileListPaths = (
			);
			outputPaths = (
				"$(DERIVED_FILE_DIR)/Pods-flix_appTests-checkManifestLockResult.txt",
			);
			runOnlyForDeploymentPostprocessing = 0;
			shellPath = /bin/sh;
			shellScript = "diff \"${PODS_PODFILE_DIR_PATH}/Podfile.lock\" \"${PODS_ROOT}/Manifest.lock\" > /dev/null\nif [ $? != 0 ] ; then\n    # print error to STDERR\n    echo \"error: The sandbox is not in sync with the Podfile.lock. Run 'pod install' or update your CocoaPods installation.\" >&2\n    exit 1\nfi\n# This output is used by Xcode 'outputs' to avoid re-running this script phase.\necho \"SUCCESS\" > \"${SCRIPT_OUTPUT_FILE_0}\"\n";
			showEnvVarsInLog = 0;
		};
/* End PBXShellScriptBuildPhase section */

/* Begin PBXSourcesBuildPhase section */
		2319DFA22522510000FBA911 /* Sources */ = {
			isa = PBXSourcesBuildPhase;
			buildActionMask = 2147483647;
			files = (
				23BC21A8252D4803008C84DE /* MovieDetailsViewController.swift in Sources */,
				2319DFAA2522510000FBA911 /* AppDelegate.swift in Sources */,
				2319DFAC2522510000FBA911 /* SceneDelegate.swift in Sources */,
				23D1F3462522960700BEEE08 /* MovieCell.swift in Sources */,
				2319DFDD252260A000FBA911 /* MoviesViewController.swift in Sources */,
				237B69FB252D523D00BFEF3B /* MovieGridViewController.swift in Sources */,
				237B6A00252D583E00BFEF3B /* MovieGridCell.swift in Sources */,
			);
			runOnlyForDeploymentPostprocessing = 0;
		};
		2319DFB82522510500FBA911 /* Sources */ = {
			isa = PBXSourcesBuildPhase;
			buildActionMask = 2147483647;
			files = (
				2319DFC12522510500FBA911 /* flix_appTests.swift in Sources */,
			);
			runOnlyForDeploymentPostprocessing = 0;
		};
		2319DFC32522510500FBA911 /* Sources */ = {
			isa = PBXSourcesBuildPhase;
			buildActionMask = 2147483647;
			files = (
				2319DFCC2522510500FBA911 /* flix_appUITests.swift in Sources */,
			);
			runOnlyForDeploymentPostprocessing = 0;
		};
/* End PBXSourcesBuildPhase section */

/* Begin PBXTargetDependency section */
		2319DFBE2522510500FBA911 /* PBXTargetDependency */ = {
			isa = PBXTargetDependency;
			target = 2319DFA52522510000FBA911 /* flix_app */;
			targetProxy = 2319DFBD2522510500FBA911 /* PBXContainerItemProxy */;
		};
		2319DFC92522510500FBA911 /* PBXTargetDependency */ = {
			isa = PBXTargetDependency;
			target = 2319DFA52522510000FBA911 /* flix_app */;
			targetProxy = 2319DFC82522510500FBA911 /* PBXContainerItemProxy */;
		};
/* End PBXTargetDependency section */

/* Begin PBXVariantGroup section */
		2319DFAF2522510000FBA911 /* Main.storyboard */ = {
			isa = PBXVariantGroup;
			children = (
				2319DFB02522510000FBA911 /* Base */,
			);
			name = Main.storyboard;
			sourceTree = "<group>";
		};
		2319DFB42522510400FBA911 /* LaunchScreen.storyboard */ = {
			isa = PBXVariantGroup;
			children = (
				2319DFB52522510400FBA911 /* Base */,
			);
			name = LaunchScreen.storyboard;
			sourceTree = "<group>";
		};
/* End PBXVariantGroup section */

/* Begin XCBuildConfiguration section */
		2319DFCE2522510500FBA911 /* Debug */ = {
			isa = XCBuildConfiguration;
			buildSettings = {
				ALWAYS_SEARCH_USER_PATHS = NO;
				CLANG_ANALYZER_NONNULL = YES;
				CLANG_ANALYZER_NUMBER_OBJECT_CONVERSION = YES_AGGRESSIVE;
				CLANG_CXX_LANGUAGE_STANDARD = "gnu++14";
				CLANG_CXX_LIBRARY = "libc++";
				CLANG_ENABLE_MODULES = YES;
				CLANG_ENABLE_OBJC_ARC = YES;
				CLANG_ENABLE_OBJC_WEAK = YES;
				CLANG_WARN_BLOCK_CAPTURE_AUTORELEASING = YES;
				CLANG_WARN_BOOL_CONVERSION = YES;
				CLANG_WARN_COMMA = YES;
				CLANG_WARN_CONSTANT_CONVERSION = YES;
				CLANG_WARN_DEPRECATED_OBJC_IMPLEMENTATIONS = YES;
				CLANG_WARN_DIRECT_OBJC_ISA_USAGE = YES_ERROR;
				CLANG_WARN_DOCUMENTATION_COMMENTS = YES;
				CLANG_WARN_EMPTY_BODY = YES;
				CLANG_WARN_ENUM_CONVERSION = YES;
				CLANG_WARN_INFINITE_RECURSION = YES;
				CLANG_WARN_INT_CONVERSION = YES;
				CLANG_WARN_NON_LITERAL_NULL_CONVERSION = YES;
				CLANG_WARN_OBJC_IMPLICIT_RETAIN_SELF = YES;
				CLANG_WARN_OBJC_LITERAL_CONVERSION = YES;
				CLANG_WARN_OBJC_ROOT_CLASS = YES_ERROR;
				CLANG_WARN_QUOTED_INCLUDE_IN_FRAMEWORK_HEADER = YES;
				CLANG_WARN_RANGE_LOOP_ANALYSIS = YES;
				CLANG_WARN_STRICT_PROTOTYPES = YES;
				CLANG_WARN_SUSPICIOUS_MOVE = YES;
				CLANG_WARN_UNGUARDED_AVAILABILITY = YES_AGGRESSIVE;
				CLANG_WARN_UNREACHABLE_CODE = YES;
				CLANG_WARN__DUPLICATE_METHOD_MATCH = YES;
				COPY_PHASE_STRIP = NO;
				DEBUG_INFORMATION_FORMAT = dwarf;
				ENABLE_STRICT_OBJC_MSGSEND = YES;
				ENABLE_TESTABILITY = YES;
				GCC_C_LANGUAGE_STANDARD = gnu11;
				GCC_DYNAMIC_NO_PIC = NO;
				GCC_NO_COMMON_BLOCKS = YES;
				GCC_OPTIMIZATION_LEVEL = 0;
				GCC_PREPROCESSOR_DEFINITIONS = (
					"DEBUG=1",
					"$(inherited)",
				);
				GCC_WARN_64_TO_32_BIT_CONVERSION = YES;
				GCC_WARN_ABOUT_RETURN_TYPE = YES_ERROR;
				GCC_WARN_UNDECLARED_SELECTOR = YES;
				GCC_WARN_UNINITIALIZED_AUTOS = YES_AGGRESSIVE;
				GCC_WARN_UNUSED_FUNCTION = YES;
				GCC_WARN_UNUSED_VARIABLE = YES;
				IPHONEOS_DEPLOYMENT_TARGET = 14.0;
				MTL_ENABLE_DEBUG_INFO = INCLUDE_SOURCE;
				MTL_FAST_MATH = YES;
				ONLY_ACTIVE_ARCH = YES;
				SDKROOT = iphoneos;
				SWIFT_ACTIVE_COMPILATION_CONDITIONS = DEBUG;
				SWIFT_OPTIMIZATION_LEVEL = "-Onone";
			};
			name = Debug;
		};
		2319DFCF2522510500FBA911 /* Release */ = {
			isa = XCBuildConfiguration;
			buildSettings = {
				ALWAYS_SEARCH_USER_PATHS = NO;
				CLANG_ANALYZER_NONNULL = YES;
				CLANG_ANALYZER_NUMBER_OBJECT_CONVERSION = YES_AGGRESSIVE;
				CLANG_CXX_LANGUAGE_STANDARD = "gnu++14";
				CLANG_CXX_LIBRARY = "libc++";
				CLANG_ENABLE_MODULES = YES;
				CLANG_ENABLE_OBJC_ARC = YES;
				CLANG_ENABLE_OBJC_WEAK = YES;
				CLANG_WARN_BLOCK_CAPTURE_AUTORELEASING = YES;
				CLANG_WARN_BOOL_CONVERSION = YES;
				CLANG_WARN_COMMA = YES;
				CLANG_WARN_CONSTANT_CONVERSION = YES;
				CLANG_WARN_DEPRECATED_OBJC_IMPLEMENTATIONS = YES;
				CLANG_WARN_DIRECT_OBJC_ISA_USAGE = YES_ERROR;
				CLANG_WARN_DOCUMENTATION_COMMENTS = YES;
				CLANG_WARN_EMPTY_BODY = YES;
				CLANG_WARN_ENUM_CONVERSION = YES;
				CLANG_WARN_INFINITE_RECURSION = YES;
				CLANG_WARN_INT_CONVERSION = YES;
				CLANG_WARN_NON_LITERAL_NULL_CONVERSION = YES;
				CLANG_WARN_OBJC_IMPLICIT_RETAIN_SELF = YES;
				CLANG_WARN_OBJC_LITERAL_CONVERSION = YES;
				CLANG_WARN_OBJC_ROOT_CLASS = YES_ERROR;
				CLANG_WARN_QUOTED_INCLUDE_IN_FRAMEWORK_HEADER = YES;
				CLANG_WARN_RANGE_LOOP_ANALYSIS = YES;
				CLANG_WARN_STRICT_PROTOTYPES = YES;
				CLANG_WARN_SUSPICIOUS_MOVE = YES;
				CLANG_WARN_UNGUARDED_AVAILABILITY = YES_AGGRESSIVE;
				CLANG_WARN_UNREACHABLE_CODE = YES;
				CLANG_WARN__DUPLICATE_METHOD_MATCH = YES;
				COPY_PHASE_STRIP = NO;
				DEBUG_INFORMATION_FORMAT = "dwarf-with-dsym";
				ENABLE_NS_ASSERTIONS = NO;
				ENABLE_STRICT_OBJC_MSGSEND = YES;
				GCC_C_LANGUAGE_STANDARD = gnu11;
				GCC_NO_COMMON_BLOCKS = YES;
				GCC_WARN_64_TO_32_BIT_CONVERSION = YES;
				GCC_WARN_ABOUT_RETURN_TYPE = YES_ERROR;
				GCC_WARN_UNDECLARED_SELECTOR = YES;
				GCC_WARN_UNINITIALIZED_AUTOS = YES_AGGRESSIVE;
				GCC_WARN_UNUSED_FUNCTION = YES;
				GCC_WARN_UNUSED_VARIABLE = YES;
				IPHONEOS_DEPLOYMENT_TARGET = 14.0;
				MTL_ENABLE_DEBUG_INFO = NO;
				MTL_FAST_MATH = YES;
				SDKROOT = iphoneos;
				SWIFT_COMPILATION_MODE = wholemodule;
				SWIFT_OPTIMIZATION_LEVEL = "-O";
				VALIDATE_PRODUCT = YES;
			};
			name = Release;
		};
		2319DFD12522510500FBA911 /* Debug */ = {
			isa = XCBuildConfiguration;
			baseConfigurationReference = 6295B5BB1C08F159E724474B /* Pods-flix_app.debug.xcconfig */;
			buildSettings = {
				ASSETCATALOG_COMPILER_APPICON_NAME = AppIcon;
				ASSETCATALOG_COMPILER_GLOBAL_ACCENT_COLOR_NAME = AccentColor;
				CODE_SIGN_STYLE = Automatic;
				INFOPLIST_FILE = flix_app/Info.plist;
				LD_RUNPATH_SEARCH_PATHS = (
					"$(inherited)",
					"@executable_path/Frameworks",
				);
				PRODUCT_BUNDLE_IDENTIFIER = "com.codepath.flix-app";
				PRODUCT_NAME = "$(TARGET_NAME)";
				SWIFT_VERSION = 5.0;
				TARGETED_DEVICE_FAMILY = "1,2";
			};
			name = Debug;
		};
		2319DFD22522510500FBA911 /* Release */ = {
			isa = XCBuildConfiguration;
			baseConfigurationReference = 052778B0D3473AF95DD17EB2 /* Pods-flix_app.release.xcconfig */;
			buildSettings = {
				ASSETCATALOG_COMPILER_APPICON_NAME = AppIcon;
				ASSETCATALOG_COMPILER_GLOBAL_ACCENT_COLOR_NAME = AccentColor;
				CODE_SIGN_STYLE = Automatic;
				INFOPLIST_FILE = flix_app/Info.plist;
				LD_RUNPATH_SEARCH_PATHS = (
					"$(inherited)",
					"@executable_path/Frameworks",
				);
				PRODUCT_BUNDLE_IDENTIFIER = "com.codepath.flix-app";
				PRODUCT_NAME = "$(TARGET_NAME)";
				SWIFT_VERSION = 5.0;
				TARGETED_DEVICE_FAMILY = "1,2";
			};
			name = Release;
		};
		2319DFD42522510500FBA911 /* Debug */ = {
			isa = XCBuildConfiguration;
			baseConfigurationReference = 9DD5D54AE92209666424CD74 /* Pods-flix_appTests.debug.xcconfig */;
			buildSettings = {
				ALWAYS_EMBED_SWIFT_STANDARD_LIBRARIES = YES;
				BUNDLE_LOADER = "$(TEST_HOST)";
				CODE_SIGN_STYLE = Automatic;
				INFOPLIST_FILE = flix_appTests/Info.plist;
				IPHONEOS_DEPLOYMENT_TARGET = 14.0;
				LD_RUNPATH_SEARCH_PATHS = (
					"$(inherited)",
					"@executable_path/Frameworks",
					"@loader_path/Frameworks",
				);
				PRODUCT_BUNDLE_IDENTIFIER = "com.codepath.flix-appTests";
				PRODUCT_NAME = "$(TARGET_NAME)";
				SWIFT_VERSION = 5.0;
				TARGETED_DEVICE_FAMILY = "1,2";
				TEST_HOST = "$(BUILT_PRODUCTS_DIR)/flix_app.app/flix_app";
			};
			name = Debug;
		};
		2319DFD52522510500FBA911 /* Release */ = {
			isa = XCBuildConfiguration;
			baseConfigurationReference = D0E0EB50A26A2450925BE10E /* Pods-flix_appTests.release.xcconfig */;
			buildSettings = {
				ALWAYS_EMBED_SWIFT_STANDARD_LIBRARIES = YES;
				BUNDLE_LOADER = "$(TEST_HOST)";
				CODE_SIGN_STYLE = Automatic;
				INFOPLIST_FILE = flix_appTests/Info.plist;
				IPHONEOS_DEPLOYMENT_TARGET = 14.0;
				LD_RUNPATH_SEARCH_PATHS = (
					"$(inherited)",
					"@executable_path/Frameworks",
					"@loader_path/Frameworks",
				);
				PRODUCT_BUNDLE_IDENTIFIER = "com.codepath.flix-appTests";
				PRODUCT_NAME = "$(TARGET_NAME)";
				SWIFT_VERSION = 5.0;
				TARGETED_DEVICE_FAMILY = "1,2";
				TEST_HOST = "$(BUILT_PRODUCTS_DIR)/flix_app.app/flix_app";
			};
			name = Release;
		};
		2319DFD72522510500FBA911 /* Debug */ = {
			isa = XCBuildConfiguration;
			baseConfigurationReference = 120F66279B9C5775EF9457AB /* Pods-flix_app-flix_appUITests.debug.xcconfig */;
			buildSettings = {
				ALWAYS_EMBED_SWIFT_STANDARD_LIBRARIES = YES;
				CODE_SIGN_STYLE = Automatic;
				INFOPLIST_FILE = flix_appUITests/Info.plist;
				LD_RUNPATH_SEARCH_PATHS = (
					"$(inherited)",
					"@executable_path/Frameworks",
					"@loader_path/Frameworks",
				);
				PRODUCT_BUNDLE_IDENTIFIER = "com.codepath.flix-appUITests";
				PRODUCT_NAME = "$(TARGET_NAME)";
				SWIFT_VERSION = 5.0;
				TARGETED_DEVICE_FAMILY = "1,2";
				TEST_TARGET_NAME = flix_app;
			};
			name = Debug;
		};
		2319DFD82522510500FBA911 /* Release */ = {
			isa = XCBuildConfiguration;
			baseConfigurationReference = 13E0C2A29001453DE0418F21 /* Pods-flix_app-flix_appUITests.release.xcconfig */;
			buildSettings = {
				ALWAYS_EMBED_SWIFT_STANDARD_LIBRARIES = YES;
				CODE_SIGN_STYLE = Automatic;
				INFOPLIST_FILE = flix_appUITests/Info.plist;
				LD_RUNPATH_SEARCH_PATHS = (
					"$(inherited)",
					"@executable_path/Frameworks",
					"@loader_path/Frameworks",
				);
				PRODUCT_BUNDLE_IDENTIFIER = "com.codepath.flix-appUITests";
				PRODUCT_NAME = "$(TARGET_NAME)";
				SWIFT_VERSION = 5.0;
				TARGETED_DEVICE_FAMILY = "1,2";
				TEST_TARGET_NAME = flix_app;
			};
			name = Release;
		};
/* End XCBuildConfiguration section */

/* Begin XCConfigurationList section */
		2319DFA12522510000FBA911 /* Build configuration list for PBXProject "flix_app" */ = {
			isa = XCConfigurationList;
			buildConfigurations = (
				2319DFCE2522510500FBA911 /* Debug */,
				2319DFCF2522510500FBA911 /* Release */,
			);
			defaultConfigurationIsVisible = 0;
			defaultConfigurationName = Release;
		};
		2319DFD02522510500FBA911 /* Build configuration list for PBXNativeTarget "flix_app" */ = {
			isa = XCConfigurationList;
			buildConfigurations = (
				2319DFD12522510500FBA911 /* Debug */,
				2319DFD22522510500FBA911 /* Release */,
			);
			defaultConfigurationIsVisible = 0;
			defaultConfigurationName = Release;
		};
		2319DFD32522510500FBA911 /* Build configuration list for PBXNativeTarget "flix_appTests" */ = {
			isa = XCConfigurationList;
			buildConfigurations = (
				2319DFD42522510500FBA911 /* Debug */,
				2319DFD52522510500FBA911 /* Release */,
			);
			defaultConfigurationIsVisible = 0;
			defaultConfigurationName = Release;
		};
		2319DFD62522510500FBA911 /* Build configuration list for PBXNativeTarget "flix_appUITests" */ = {
			isa = XCConfigurationList;
			buildConfigurations = (
				2319DFD72522510500FBA911 /* Debug */,
				2319DFD82522510500FBA911 /* Release */,
			);
			defaultConfigurationIsVisible = 0;
			defaultConfigurationName = Release;
		};
/* End XCConfigurationList section */
	};
	rootObject = 2319DF9E2522510000FBA911 /* Project object */;
}
